
Microsoft Visual Studio Solution File, Format Version 12.00
# Visual Studio 15
Project("{FAE04EC0-301F-11D3-BF4B-00C04F79EFBC}") = "Assembly-CSharp", "Assembly-CSharp.csproj", "{740313F2-6845-ABCA-56DE-ADF2D650C93E}"
EndProject
Project("{FAE04EC0-301F-11D3-BF4B-00C04F79EFBC}") = "Assembly-CSharp-firstpass", "Assembly-CSharp-firstpass.csproj", "{35A0BAE4-B198-5F37-3288-29ACA6DF1D72}"
EndProject
Global
	GlobalSection(SolutionConfigurationPlatforms) = preSolution
		Debug|Any CPU = Debug|Any CPU
		Release|Any CPU = Release|Any CPU
	EndGlobalSection
	GlobalSection(ProjectConfigurationPlatforms) = postSolution
		{740313F2-6845-ABCA-56DE-ADF2D650C93E}.Debug|Any CPU.ActiveCfg = Debug|Any CPU
		{740313F2-6845-ABCA-56DE-ADF2D650C93E}.Debug|Any CPU.Build.0 = Debug|Any CPU
		{740313F2-6845-ABCA-56DE-ADF2D650C93E}.Release|Any CPU.ActiveCfg = Release|Any CPU
		{740313F2-6845-ABCA-56DE-ADF2D650C93E}.Release|Any CPU.Build.0 = Release|Any CPU
		{35A0BAE4-B198-5F37-3288-29ACA6DF1D72}.Debug|Any CPU.ActiveCfg = Debug|Any CPU
		{35A0BAE4-B198-5F37-3288-29ACA6DF1D72}.Debug|Any CPU.Build.0 = Debug|Any CPU
		{35A0BAE4-B198-5F37-3288-29ACA6DF1D72}.Release|Any CPU.ActiveCfg = Release|Any CPU
		{35A0BAE4-B198-5F37-3288-29ACA6DF1D72}.Release|Any CPU.Build.0 = Release|Any CPU
	EndGlobalSection
	GlobalSection(SolutionProperties) = preSolution
		HideSolutionNode = FALSE
	EndGlobalSection
EndGlobal
